dependencies:
- name: akhq
  repository: https://akhq.io/
  version: 0.24.0
- name: stream-processors
  repository: https://miracum.github.io/charts
  version: 1.6.1
- name: hapi-fhir-jpaserver
  repository: https://hapifhir.github.io/hapi-fhir-jpaserver-starter
  version: 0.15.0
- name: fhir-gateway
  repository: https://miracum.github.io/charts
  version: 6.2.1
digest: sha256:5261f1aa7c0d98f0b1a26727a83121cec499fb4066dfe62b59ab6e587c4ae63e
generated: "2024-03-27T15:34:30.041495332Z"
