dependencies:
- name: akhq
  repository: https://akhq.io/
  version: 0.25.0
- name: stream-processors
  repository: https://miracum.github.io/charts
  version: 1.7.4
- name: hapi-fhir-jpaserver
  repository: https://hapifhir.github.io/hapi-fhir-jpaserver-starter
  version: 0.17.0
- name: fhir-gateway
  repository: https://miracum.github.io/charts
  version: 6.2.9
digest: sha256:e6e5eab4e605c0dc7c19e2dcbef606506995e333b21a4347a93e3631130c1028
generated: "2024-07-02T13:00:43.286927197Z"
